
Microsoft Visual Studio Solution File, Format Version 12.00
# Visual Studio Version 16
VisualStudioVersion = 16.0.29709.97
MinimumVisualStudioVersion = 10.0.40219.1
Project("{FAE04EC0-301F-11D3-BF4B-00C04F79EFBC}") = "howest-movie-lib", "howest-movie-lib\howest-movie-lib.csproj", "{9AC88C4E-06A8-4F2F-B00B-E82E29FFCE52}"
EndProject
Global
	GlobalSection(SolutionConfigurationPlatforms) = preSolution
		Debug|Any CPU = Debug|Any CPU
		Release|Any CPU = Release|Any CPU
	EndGlobalSection
	GlobalSection(ProjectConfigurationPlatforms) = postSolution
		{9AC88C4E-06A8-4F2F-B00B-E82E29FFCE52}.Debug|Any CPU.ActiveCfg = Debug|Any CPU
		{9AC88C4E-06A8-4F2F-B00B-E82E29FFCE52}.Debug|Any CPU.Build.0 = Debug|Any CPU
		{9AC88C4E-06A8-4F2F-B00B-E82E29FFCE52}.Release|Any CPU.ActiveCfg = Release|Any CPU
		{9AC88C4E-06A8-4F2F-B00B-E82E29FFCE52}.Release|Any CPU.Build.0 = Release|Any CPU
	EndGlobalSection
	GlobalSection(SolutionProperties) = preSolution
		HideSolutionNode = FALSE
	EndGlobalSection
	GlobalSection(ExtensibilityGlobals) = postSolution
		SolutionGuid = {38004C2E-0658-4C55-A48E-BF249638F7D7}
	EndGlobalSection
EndGlobal
